// !$*UTF8*$!
{
	archiveVersion = 1;
	classes = {
	};
	objectVersion = 46;
	objects = {
		D7BA7D76DAB5DD13389D6332 = {
			buildActionMask = 2147483647;
			files = (
				);
			generatedFileNames = (
				);
			isa = PBXShellScriptBuildPhase;
			name = "Qt Qmake";
			neededFileNames = (
				);
			shellPath = "/bin/sh";
			shellScript = "make\ -C\ /Users/kishori/PROJECTS/MetaPathways2\ -f\ \'MetaPathways2.xcodeproj/qt_makeqmake.mak\'";
		};
		118FCBAABA162BA17933C789 = {
			isa = PBXFileReference;
			name = "main.cpp";
			path = "main.cpp";
			refType = 4;
			lastKnownFileType = "sourcecode.cpp.cpp";
		};
		2B093CA6F071B023A473CED0 = {
			fileRef = "118FCBAABA162BA17933C789";
			isa = PBXBuildFile;
			settings = {
				ATTRIBUTES = (
					);
			};
		};
		EA177DE95BF7D3EF58EE43F7 = {
			isa = PBXFileReference;
			name = "mainwindow.cpp";
			path = "mainwindow.cpp";
			refType = 4;
			lastKnownFileType = "sourcecode.cpp.cpp";
		};
		462C0F34BBEF2375A9469BB5 = {
			fileRef = "EA177DE95BF7D3EF58EE43F7";
			isa = PBXBuildFile;
			settings = {
				ATTRIBUTES = (
					);
			};
		};
		77D75F8544A9468B96F4D684 = {
			isa = PBXFileReference;
			name = "metawidget.cpp";
			path = "metawidget.cpp";
			refType = 4;
			lastKnownFileType = "sourcecode.cpp.cpp";
		};
		2AF88980BB069BF71AA1A3E7 = {
			fileRef = "77D75F8544A9468B96F4D684";
			isa = PBXBuildFile;
			settings = {
				ATTRIBUTES = (
					);
			};
		};
		972E78AD2A3DAF36882F180F = {
			isa = PBXFileReference;
			name = "parentsettingsmainwindow.cpp";
			path = "parentsettingsmainwindow.cpp";
			refType = 4;
			lastKnownFileType = "sourcecode.cpp.cpp";
		};
		99A6D8DECCE0E1AE670DA6D5 = {
			fileRef = "972E78AD2A3DAF36882F180F";
			isa = PBXBuildFile;
			settings = {
				ATTRIBUTES = (
					);
			};
		};
		B5D907E76BE225A6CCCADE95 = {
			isa = PBXFileReference;
			name = "parentwidget.cpp";
			path = "parentwidget.cpp";
			refType = 4;
			lastKnownFileType = "sourcecode.cpp.cpp";
		};
		A6435366D3EC89D0BBFC2D51 = {
			fileRef = "B5D907E76BE225A6CCCADE95";
			isa = PBXBuildFile;
			settings = {
				ATTRIBUTES = (
					);
			};
		};
		3D14F02C4E29D637F0F7360A = {
			isa = PBXFileReference;
			name = "ProgressDialog.cpp";
			path = "ProgressDialog.cpp";
			refType = 4;
			lastKnownFileType = "sourcecode.cpp.cpp";
		};
		F7B52EEB1C411AFB1348428C = {
			fileRef = "3D14F02C4E29D637F0F7360A";
			isa = PBXBuildFile;
			settings = {
				ATTRIBUTES = (
					);
			};
		};
		753EB6E07DD6EB7ADAB23CB3 = {
			isa = PBXFileReference;
			name = "qcustomplot.cpp";
			path = "qcustomplot.cpp";
			refType = 4;
			lastKnownFileType = "sourcecode.cpp.cpp";
		};
		60B16D39A71606874F455B57 = {
			fileRef = "753EB6E07DD6EB7ADAB23CB3";
			isa = PBXBuildFile;
			settings = {
				ATTRIBUTES = (
					);
			};
		};
		7C9A524E1F77DDA536B57751 = {
			isa = PBXFileReference;
			name = "resultpage.cpp";
			path = "resultpage.cpp";
			refType = 4;
			lastKnownFileType = "sourcecode.cpp.cpp";
		};
		9A57D8EB4C04F0B41E54799B = {
			fileRef = "7C9A524E1F77DDA536B57751";
			isa = PBXBuildFile;
			settings = {
				ATTRIBUTES = (
					);
			};
		};
		C0928C88C6B9EE8EE39A6C62 = {
			isa = PBXFileReference;
			name = "resultwindow.cpp";
			path = "resultwindow.cpp";
			refType = 4;
			lastKnownFileType = "sourcecode.cpp.cpp";
		};
		247AF9D7EE7ADE4850E27008 = {
			fileRef = "C0928C88C6B9EE8EE39A6C62";
			isa = PBXBuildFile;
			settings = {
				ATTRIBUTES = (
					);
			};
		};
		B5691D0613037A83B16885DA = {
			isa = PBXFileReference;
			name = "RunConfig.cpp";
			path = "RunConfig.cpp";
			refType = 4;
			lastKnownFileType = "sourcecode.cpp.cpp";
		};
		9F99555B724FF525FBA88217 = {
			fileRef = "B5691D0613037A83B16885DA";
			isa = PBXBuildFile;
			settings = {
				ATTRIBUTES = (
					);
			};
		};
		55707D2EEF536ABCCA0AC4D2 = {
			isa = PBXFileReference;
			name = "rundata.cpp";
			path = "rundata.cpp";
			refType = 4;
			lastKnownFileType = "sourcecode.cpp.cpp";
		};
		125DDAF54B096CF1A954AEF8 = {
			fileRef = "55707D2EEF536ABCCA0AC4D2";
			isa = PBXBuildFile;
			settings = {
				ATTRIBUTES = (
					);
			};
		};
		9AF8B2AEF4308AAF6F76C636 = {
			isa = PBXFileReference;
			name = "SettingsTab.cpp";
			path = "SettingsTab.cpp";
			refType = 4;
			lastKnownFileType = "sourcecode.cpp.cpp";
		};
		1170A74D3B33432CBBC2AC01 = {
			fileRef = "9AF8B2AEF4308AAF6F76C636";
			isa = PBXBuildFile;
			settings = {
				ATTRIBUTES = (
					);
			};
		};
		8D6C406E94BA04D6685044E8 = {
			isa = PBXFileReference;
			name = "Setup.cpp";
			path = "Setup.cpp";
			refType = 4;
			lastKnownFileType = "sourcecode.cpp.cpp";
		};
		C4150E4DD187E0FC2FC75EC2 = {
			fileRef = "8D6C406E94BA04D6685044E8";
			isa = PBXBuildFile;
			settings = {
				ATTRIBUTES = (
					);
			};
		};
		416F1965D3901E683129BE18 = {
			isa = PBXFileReference;
			name = "utilities.cpp";
			path = "utilities.cpp";
			refType = 4;
			lastKnownFileType = "sourcecode.cpp.cpp";
		};
		9D7172D9E9946DB55F01E4E7 = {
			fileRef = "416F1965D3901E683129BE18";
			isa = PBXBuildFile;
			settings = {
				ATTRIBUTES = (
					);
			};
		};
		092D55F78687D6991071DAD1 = {
			isa = PBXFileReference;
			name = "welcome.cpp";
			path = "welcome.cpp";
			refType = 4;
			lastKnownFileType = "sourcecode.cpp.cpp";
		};
		511CCDEFEF4F5B9FDEE71733 = {
			fileRef = "092D55F78687D6991071DAD1";
			isa = PBXBuildFile;
			settings = {
				ATTRIBUTES = (
					);
			};
		};
		0381EAD45EE5FD4C76B0C329 = {
			isa = PBXFileReference;
			name = "fileindex.cpp";
			path = "caching/fileindex.cpp";
			refType = 4;
			lastKnownFileType = "sourcecode.cpp.cpp";
		};
		62DCC25642B82D476A4AE7E3 = {
			fileRef = "0381EAD45EE5FD4C76B0C329";
			isa = PBXBuildFile;
			settings = {
				ATTRIBUTES = (
					);
			};
		};
		EB32B823B7ACDFEBE55C885F = {
			isa = PBXFileReference;
			name = "fileindexmanager.cpp";
			path = "caching/fileindexmanager.cpp";
			refType = 4;
			lastKnownFileType = "sourcecode.cpp.cpp";
		};
		4C791BB4FF269645AF4049A1 = {
			fileRef = "EB32B823B7ACDFEBE55C885F";
			isa = PBXBuildFile;
			settings = {
				ATTRIBUTES = (
					);
			};
		};
		00A2F7829CE074458F93C596 = {
			isa = PBXFileReference;
			name = "tablemanager.cpp";
			path = "caching/tablemanager.cpp";
			refType = 4;
			lastKnownFileType = "sourcecode.cpp.cpp";
		};
		126D4FF04E53265D85E5FA9A = {
			fileRef = "00A2F7829CE074458F93C596";
			isa = PBXBuildFile;
			settings = {
				ATTRIBUTES = (
					);
			};
		};
		099D0E8131C89E96D686944B = {
			isa = PBXFileReference;
			name = "graphdata.cpp";
			path = "dataviews/graphdata.cpp";
			refType = 4;
			lastKnownFileType = "sourcecode.cpp.cpp";
		};
		AE14DF0C2E1397A4FCD4D4D0 = {
			fileRef = "099D0E8131C89E96D686944B";
			isa = PBXBuildFile;
			settings = {
				ATTRIBUTES = (
					);
			};
		};
		E05B2C911084F260FFF7235C = {
			isa = PBXFileReference;
			name = "largetable.cpp";
			path = "dataviews/largetable.cpp";
			refType = 4;
			lastKnownFileType = "sourcecode.cpp.cpp";
		};
		140AD5B34D7408371FDDFD6A = {
			fileRef = "E05B2C911084F260FFF7235C";
			isa = PBXBuildFile;
			settings = {
				ATTRIBUTES = (
					);
			};
		};
		C129D0B345F414FB0E678E9D = {
			isa = PBXFileReference;
			name = "megandata.cpp";
			path = "dataviews/megandata.cpp";
			refType = 4;
			lastKnownFileType = "sourcecode.cpp.cpp";
		};
		C9F82B840358FB957E80E530 = {
			fileRef = "C129D0B345F414FB0E678E9D";
			isa = PBXBuildFile;
			settings = {
				ATTRIBUTES = (
					);
			};
		};
		D62168593E272A1024280207 = {
			isa = PBXFileReference;
			name = "meganview.cpp";
			path = "dataviews/meganview.cpp";
			refType = 4;
			lastKnownFileType = "sourcecode.cpp.cpp";
		};
		9E7263BD6470C58A94A6A358 = {
			fileRef = "D62168593E272A1024280207";
			isa = PBXBuildFile;
			settings = {
				ATTRIBUTES = (
					);
			};
		};
		E01F9A4025C8CBBECFC20802 = {
			isa = PBXFileReference;
			name = "tabledata.cpp";
			path = "dataviews/tabledata.cpp";
			refType = 4;
			lastKnownFileType = "sourcecode.cpp.cpp";
		};
		E5D91998B2AF8C1C6F3AA946 = {
			fileRef = "E01F9A4025C8CBBECFC20802";
			isa = PBXBuildFile;
			settings = {
				ATTRIBUTES = (
					);
			};
		};
		2F64870C55E942400D4EAF2F = {
			isa = PBXFileReference;
			name = "genebrowser.cpp";
			path = "genebrowser/genebrowser.cpp";
			refType = 4;
			lastKnownFileType = "sourcecode.cpp.cpp";
		};
		B6ADC7AA38F3386990D4A2F7 = {
			fileRef = "2F64870C55E942400D4EAF2F";
			isa = PBXBuildFile;
			settings = {
				ATTRIBUTES = (
					);
			};
		};
		30F3563575482BD228C3EBF9 = {
			isa = PBXFileReference;
			name = "genomeview.cpp";
			path = "genebrowser/genomeview.cpp";
			refType = 4;
			lastKnownFileType = "sourcecode.cpp.cpp";
		};
		B734EF58EF1FDB200D1C5A65 = {
			fileRef = "30F3563575482BD228C3EBF9";
			isa = PBXBuildFile;
			settings = {
				ATTRIBUTES = (
					);
			};
		};
		1B4D10F7567AC773861A0AB7 = {
			isa = PBXFileReference;
			name = "graphicsitemscollection.cpp";
			path = "genebrowser/graphicsitemscollection.cpp";
			refType = 4;
			lastKnownFileType = "sourcecode.cpp.cpp";
		};
		884FAF343F0CDF066308D194 = {
			fileRef = "1B4D10F7567AC773861A0AB7";
			isa = PBXBuildFile;
			settings = {
				ATTRIBUTES = (
					);
			};
		};
		A28A6D72AC968EB0FE341A3D = {
			isa = PBXFileReference;
			name = "graphicsrepresentation.cpp";
			path = "genebrowser/graphicsrepresentation.cpp";
			refType = 4;
			lastKnownFileType = "sourcecode.cpp.cpp";
		};
		087066D79AD4CEE1C41C61EA = {
			fileRef = "A28A6D72AC968EB0FE341A3D";
			isa = PBXBuildFile;
			settings = {
				ATTRIBUTES = (
					);
			};
		};
		F62E200E671E9AB712219B67 = {
			isa = PBXFileReference;
			name = "ec2grid.cpp";
			path = "grid/ec2grid.cpp";
			refType = 4;
			lastKnownFileType = "sourcecode.cpp.cpp";
		};
		6F21921F7242772C311D04D5 = {
			fileRef = "F62E200E671E9AB712219B67";
			isa = PBXBuildFile;
			settings = {
				ATTRIBUTES = (
					);
			};
		};
		73399823A6066827D4BC8757 = {
			isa = PBXFileReference;
			name = "grid.cpp";
			path = "grid/grid.cpp";
			refType = 4;
			lastKnownFileType = "sourcecode.cpp.cpp";
		};
		0464930B4B6261D577B1780F = {
			fileRef = "73399823A6066827D4BC8757";
			isa = PBXBuildFile;
			settings = {
				ATTRIBUTES = (
					);
			};
		};
		97F1657BB429D3928AF1B6A5 = {
			isa = PBXFileReference;
			name = "gridchoice.cpp";
			path = "grid/gridchoice.cpp";
			refType = 4;
			lastKnownFileType = "sourcecode.cpp.cpp";
		};
		45FB6B57A587B8DB2B692002 = {
			fileRef = "97F1657BB429D3928AF1B6A5";
			isa = PBXBuildFile;
			settings = {
				ATTRIBUTES = (
					);
			};
		};
		AE1AA4A6901D0394F0E1AADA = {
			isa = PBXFileReference;
			name = "gridsetup.cpp";
			path = "grid/gridsetup.cpp";
			refType = 4;
			lastKnownFileType = "sourcecode.cpp.cpp";
		};
		8730B68EEF79287602BD487C = {
			fileRef = "AE1AA4A6901D0394F0E1AADA";
			isa = PBXBuildFile;
			settings = {
				ATTRIBUTES = (
					);
			};
		};
		D399A88F6D438502B72EA953 = {
			isa = PBXFileReference;
			name = "nonec2.cpp";
			path = "grid/nonec2.cpp";
			refType = 4;
			lastKnownFileType = "sourcecode.cpp.cpp";
		};
		697698DCB583A43566997ED4 = {
			fileRef = "D399A88F6D438502B72EA953";
			isa = PBXBuildFile;
			settings = {
				ATTRIBUTES = (
					);
			};
		};
		3DB10BBB050B6ED4BCF2B05B = {
			isa = PBXFileReference;
			name = "displayinfo.cpp";
			path = "popupviews/displayinfo.cpp";
			refType = 4;
			lastKnownFileType = "sourcecode.cpp.cpp";
		};
		74A7AE6A90E6EC8E4D1ACB68 = {
			fileRef = "3DB10BBB050B6ED4BCF2B05B";
			isa = PBXBuildFile;
			settings = {
				ATTRIBUTES = (
					);
			};
		};
		B8607CDDE24513312F37AD7E = {
			isa = PBXFileReference;
			name = "exportbox.cpp";
			path = "popupviews/exportbox.cpp";
			refType = 4;
			lastKnownFileType = "sourcecode.cpp.cpp";
		};
		82812CA118413A0CDD469143 = {
			fileRef = "B8607CDDE24513312F37AD7E";
			isa = PBXBuildFile;
			settings = {
				ATTRIBUTES = (
					);
			};
		};
		E2D561E8F276DF2D12C0380C = {
			isa = PBXFileReference;
			name = "exportwidget.cpp";
			path = "popupviews/exportwidget.cpp";
			refType = 4;
			lastKnownFileType = "sourcecode.cpp.cpp";
		};
		EE60F46361FBF5518E93FC7D = {
			fileRef = "E2D561E8F276DF2D12C0380C";
			isa = PBXBuildFile;
			settings = {
				ATTRIBUTES = (
					);
			};
		};
		DBBCA8560A5E8B148C646D62 = {
			isa = PBXFileReference;
			name = "popuplistener.cpp";
			path = "popupviews/popuplistener.cpp";
			refType = 4;
			lastKnownFileType = "sourcecode.cpp.cpp";
		};
		A9E961243258EE58DE8D4546 = {
			fileRef = "DBBCA8560A5E8B148C646D62";
			isa = PBXBuildFile;
			settings = {
				ATTRIBUTES = (
					);
			};
		};
		541E3734E4E5590E9EC1D857 = {
			isa = PBXFileReference;
			name = "searchwidget.cpp";
			path = "popupviews/searchwidget.cpp";
			refType = 4;
			lastKnownFileType = "sourcecode.cpp.cpp";
		};
		29B7F63AE7F8BF4537B23CA4 = {
			fileRef = "541E3734E4E5590E9EC1D857";
			isa = PBXBuildFile;
			settings = {
				ATTRIBUTES = (
					);
			};
		};
		336D3C48DD3B44974395C633 = {
			isa = PBXFileReference;
			name = "moc_mainwindow.cpp";
			path = "moc_mainwindow.cpp";
			refType = 4;
			lastKnownFileType = "sourcecode.cpp.cpp";
		};
		26C2BED6C570C95F5243C556 = {
			fileRef = "336D3C48DD3B44974395C633";
			isa = PBXBuildFile;
			settings = {
				ATTRIBUTES = (
					);
			};
		};
		7CF14AAD050FC30AC847115A = {
			isa = PBXFileReference;
			name = "moc_parentsettingsmainwindow.cpp";
			path = "moc_parentsettingsmainwindow.cpp";
			refType = 4;
			lastKnownFileType = "sourcecode.cpp.cpp";
		};
		6B3B547775F8E604847DEE46 = {
			fileRef = "7CF14AAD050FC30AC847115A";
			isa = PBXBuildFile;
			settings = {
				ATTRIBUTES = (
					);
			};
		};
		1232BD1D60413B9E8181F178 = {
			isa = PBXFileReference;
			name = "moc_parentwidget.cpp";
			path = "moc_parentwidget.cpp";
			refType = 4;
			lastKnownFileType = "sourcecode.cpp.cpp";
		};
		DEDAE1D8CF5435DDB5C6D957 = {
			fileRef = "1232BD1D60413B9E8181F178";
			isa = PBXBuildFile;
			settings = {
				ATTRIBUTES = (
					);
			};
		};
		1BC6D647EF3F7121D8F66D1E = {
			isa = PBXFileReference;
			name = "moc_ProgressDialog.cpp";
			path = "moc_ProgressDialog.cpp";
			refType = 4;
			lastKnownFileType = "sourcecode.cpp.cpp";
		};
		AAA004168974D5380276568D = {
			fileRef = "1BC6D647EF3F7121D8F66D1E";
			isa = PBXBuildFile;
			settings = {
				ATTRIBUTES = (
					);
			};
		};
		623BCC3CB9424F2CF404A48D = {
			isa = PBXFileReference;
			name = "moc_qcustomplot.cpp";
			path = "moc_qcustomplot.cpp";
			refType = 4;
			lastKnownFileType = "sourcecode.cpp.cpp";
		};
		C755ABF6805C9DAACA47017B = {
			fileRef = "623BCC3CB9424F2CF404A48D";
			isa = PBXBuildFile;
			settings = {
				ATTRIBUTES = (
					);
			};
		};
		4C6C76191A26A93AD6B83602 = {
			isa = PBXFileReference;
			name = "moc_resultpage.cpp";
			path = "moc_resultpage.cpp";
			refType = 4;
			lastKnownFileType = "sourcecode.cpp.cpp";
		};
		6A05C44DEE5AE1BA901A70D5 = {
			fileRef = "4C6C76191A26A93AD6B83602";
			isa = PBXBuildFile;
			settings = {
				ATTRIBUTES = (
					);
			};
		};
		60E1C6955EFC642162E68D41 = {
			isa = PBXFileReference;
			name = "moc_resultwindow.cpp";
			path = "moc_resultwindow.cpp";
			refType = 4;
			lastKnownFileType = "sourcecode.cpp.cpp";
		};
		B9045CB046158AE1EBFFA921 = {
			fileRef = "60E1C6955EFC642162E68D41";
			isa = PBXBuildFile;
			settings = {
				ATTRIBUTES = (
					);
			};
		};
		B994BF73ACBE3D7DB4DF2F5B = {
			isa = PBXFileReference;
			name = "moc_RunConfig.cpp";
			path = "moc_RunConfig.cpp";
			refType = 4;
			lastKnownFileType = "sourcecode.cpp.cpp";
		};
		C2C0852515856901F1993E61 = {
			fileRef = "B994BF73ACBE3D7DB4DF2F5B";
			isa = PBXBuildFile;
			settings = {
				ATTRIBUTES = (
					);
			};
		};
		5AD7FA346144E19B699809E9 = {
			isa = PBXFileReference;
			name = "moc_SettingsTab.cpp";
			path = "moc_SettingsTab.cpp";
			refType = 4;
			lastKnownFileType = "sourcecode.cpp.cpp";
		};
		C69C8922FEB2EB209AE12635 = {
			fileRef = "5AD7FA346144E19B699809E9";
			isa = PBXBuildFile;
			settings = {
				ATTRIBUTES = (
					);
			};
		};
		A0C01651DB267DFC51A9AE63 = {
			isa = PBXFileReference;
			name = "moc_Setup.cpp";
			path = "moc_Setup.cpp";
			refType = 4;
			lastKnownFileType = "sourcecode.cpp.cpp";
		};
		56F5C0939E5F757B508A47C2 = {
			fileRef = "A0C01651DB267DFC51A9AE63";
			isa = PBXBuildFile;
			settings = {
				ATTRIBUTES = (
					);
			};
		};
		8F8DF6380A84EF9A5AD13CDC = {
			isa = PBXFileReference;
			name = "moc_welcome.cpp";
			path = "moc_welcome.cpp";
			refType = 4;
			lastKnownFileType = "sourcecode.cpp.cpp";
		};
		5A6A2785384485E71204BEA4 = {
			fileRef = "8F8DF6380A84EF9A5AD13CDC";
			isa = PBXBuildFile;
			settings = {
				ATTRIBUTES = (
					);
			};
		};
		F6EE43E767CB99DB4E481355 = {
			isa = PBXFileReference;
			name = "moc_graphdata.cpp";
			path = "moc_graphdata.cpp";
			refType = 4;
			lastKnownFileType = "sourcecode.cpp.cpp";
		};
		835026A6F960584CC80C2B81 = {
			fileRef = "F6EE43E767CB99DB4E481355";
			isa = PBXBuildFile;
			settings = {
				ATTRIBUTES = (
					);
			};
		};
		EC50AD9407E5986B0DC6D0D1 = {
			isa = PBXFileReference;
			name = "moc_meganview.cpp";
			path = "moc_meganview.cpp";
			refType = 4;
			lastKnownFileType = "sourcecode.cpp.cpp";
		};
		F55D659FBF4A2366171AB376 = {
			fileRef = "EC50AD9407E5986B0DC6D0D1";
			isa = PBXBuildFile;
			settings = {
				ATTRIBUTES = (
					);
			};
		};
		6803539535CF2937F033F8E3 = {
			isa = PBXFileReference;
			name = "moc_tabledata.cpp";
			path = "moc_tabledata.cpp";
			refType = 4;
			lastKnownFileType = "sourcecode.cpp.cpp";
		};
		404C9DE6793BF95ED8193330 = {
			fileRef = "6803539535CF2937F033F8E3";
			isa = PBXBuildFile;
			settings = {
				ATTRIBUTES = (
					);
			};
		};
		1B7BF1F91E34191FCC6B446C = {
			isa = PBXFileReference;
			name = "moc_genomeview.cpp";
			path = "moc_genomeview.cpp";
			refType = 4;
			lastKnownFileType = "sourcecode.cpp.cpp";
		};
		B5CB30B7160147219A67C72E = {
			fileRef = "1B7BF1F91E34191FCC6B446C";
			isa = PBXBuildFile;
			settings = {
				ATTRIBUTES = (
					);
			};
		};
		BE67CD7657E5D7277E6CCD55 = {
			isa = PBXFileReference;
			name = "moc_graphicsrepresentation.cpp";
			path = "moc_graphicsrepresentation.cpp";
			refType = 4;
			lastKnownFileType = "sourcecode.cpp.cpp";
		};
		2003C35613F05BC5A559F95F = {
			fileRef = "BE67CD7657E5D7277E6CCD55";
			isa = PBXBuildFile;
			settings = {
				ATTRIBUTES = (
					);
			};
		};
		206C4BEBF415480AA9BAFFD7 = {
			isa = PBXFileReference;
			name = "moc_ec2grid.cpp";
			path = "moc_ec2grid.cpp";
			refType = 4;
			lastKnownFileType = "sourcecode.cpp.cpp";
		};
		2B68C1C55E78409443CA027E = {
			fileRef = "206C4BEBF415480AA9BAFFD7";
			isa = PBXBuildFile;
			settings = {
				ATTRIBUTES = (
					);
			};
		};
		4C89141595D1AA4C9B8DECB7 = {
			isa = PBXFileReference;
			name = "moc_gridchoice.cpp";
			path = "moc_gridchoice.cpp";
			refType = 4;
			lastKnownFileType = "sourcecode.cpp.cpp";
		};
		7EE7AC81392ED103968A21FD = {
			fileRef = "4C89141595D1AA4C9B8DECB7";
			isa = PBXBuildFile;
			settings = {
				ATTRIBUTES = (
					);
			};
		};
		394A01AF235674DEA8B5A047 = {
			isa = PBXFileReference;
			name = "moc_gridsetup.cpp";
			path = "moc_gridsetup.cpp";
			refType = 4;
			lastKnownFileType = "sourcecode.cpp.cpp";
		};
		92C0C8BE8204AF45DD0C6676 = {
			fileRef = "394A01AF235674DEA8B5A047";
			isa = PBXBuildFile;
			settings = {
				ATTRIBUTES = (
					);
			};
		};
		4D8513B170B2D7F4F8B8A13F = {
			isa = PBXFileReference;
			name = "moc_nonec2.cpp";
			path = "moc_nonec2.cpp";
			refType = 4;
			lastKnownFileType = "sourcecode.cpp.cpp";
		};
		2635D57513F2E65F05C9E9AE = {
			fileRef = "4D8513B170B2D7F4F8B8A13F";
			isa = PBXBuildFile;
			settings = {
				ATTRIBUTES = (
					);
			};
		};
		E240E2B49AA68B4A7FDE159C = {
			isa = PBXFileReference;
			name = "moc_displayinfo.cpp";
			path = "moc_displayinfo.cpp";
			refType = 4;
			lastKnownFileType = "sourcecode.cpp.cpp";
		};
		2D09C119A41A77B09A3930F7 = {
			fileRef = "E240E2B49AA68B4A7FDE159C";
			isa = PBXBuildFile;
			settings = {
				ATTRIBUTES = (
					);
			};
		};
		7103577804B1856748115C9D = {
			isa = PBXFileReference;
			name = "moc_exportbox.cpp";
			path = "moc_exportbox.cpp";
			refType = 4;
			lastKnownFileType = "sourcecode.cpp.cpp";
		};
		155E00665180F7F40C597D60 = {
			fileRef = "7103577804B1856748115C9D";
			isa = PBXBuildFile;
			settings = {
				ATTRIBUTES = (
					);
			};
		};
		E80DC0399BF831E5DCBE922F = {
			isa = PBXFileReference;
			name = "moc_exportwidget.cpp";
			path = "moc_exportwidget.cpp";
			refType = 4;
			lastKnownFileType = "sourcecode.cpp.cpp";
		};
		BB8105F09E636E99FF4C1D5B = {
			fileRef = "E80DC0399BF831E5DCBE922F";
			isa = PBXBuildFile;
			settings = {
				ATTRIBUTES = (
					);
			};
		};
		879A7AD9B8E43B429E35D11A = {
			isa = PBXFileReference;
			name = "moc_popuplistener.cpp";
			path = "moc_popuplistener.cpp";
			refType = 4;
			lastKnownFileType = "sourcecode.cpp.cpp";
		};
		6224CB67D8150452018C4513 = {
			fileRef = "879A7AD9B8E43B429E35D11A";
			isa = PBXBuildFile;
			settings = {
				ATTRIBUTES = (
					);
			};
		};
		C62A43D32F9B2651D4AFF2C6 = {
			isa = PBXFileReference;
			name = "moc_searchwidget.cpp";
			path = "moc_searchwidget.cpp";
			refType = 4;
			lastKnownFileType = "sourcecode.cpp.cpp";
		};
		F6901C924A28BA5B7CD4970C = {
			fileRef = "C62A43D32F9B2651D4AFF2C6";
			isa = PBXBuildFile;
			settings = {
				ATTRIBUTES = (
					);
			};
		};
		72A4B7662D1C1E2EA0BF8089 = {
			isa = PBXFileReference;
			name = "qrc_Resources.cpp";
			path = "qrc_Resources.cpp";
			refType = 4;
			lastKnownFileType = "sourcecode.cpp.cpp";
		};
		E1F725B01DCF4BA812168A25 = {
			fileRef = "72A4B7662D1C1E2EA0BF8089";
			isa = PBXBuildFile;
			settings = {
				ATTRIBUTES = (
					);
			};
		};
		3F3F8460CBDD5330D7B8B131 = {
			isa = PBXFileReference;
			name = "ui_displayText.h";
			path = "ui_displayText.h";
			refType = 4;
		};
		0982D6492C28177A20A77353 = {
			isa = PBXFileReference;
			name = "ui_functionaltable.h";
			path = "ui_functionaltable.h";
			refType = 4;
		};
		FAF469BDD3A5C12A177EB628 = {
			isa = PBXFileReference;
			name = "ui_graphicsrepresentation.h";
			path = "ui_graphicsrepresentation.h";
			refType = 4;
		};
		AFB98B37FF0012B837A2131C = {
			isa = PBXFileReference;
			name = "ui_mainwindow.h";
			path = "ui_mainwindow.h";
			refType = 4;
		};
		5AC2C4E01D7CF781E2671A28 = {
			isa = PBXFileReference;
			name = "ui_parentsettingsmainwindow.h";
			path = "ui_parentsettingsmainwindow.h";
			refType = 4;
		};
		DEF0EFE4F5FA174FAAFEFE0D = {
			isa = PBXFileReference;
			name = "ui_parentwidget.h";
			path = "ui_parentwidget.h";
			refType = 4;
		};
		B9643FD3230F3CEB21B03358 = {
			isa = PBXFileReference;
			name = "ui_ProgressDialog.h";
			path = "ui_ProgressDialog.h";
			refType = 4;
		};
		D44222096F1E5D96CD906D68 = {
			isa = PBXFileReference;
			name = "ui_RemoteForm.h";
			path = "ui_RemoteForm.h";
			refType = 4;
		};
		FAF183E5AB0ED640DC024AA3 = {
			isa = PBXFileReference;
			name = "ui_resultpage.h";
			path = "ui_resultpage.h";
			refType = 4;
		};
		3C6ED0CA63E1B0F25B2398DA = {
			isa = PBXFileReference;
			name = "ui_resultwindow.h";
			path = "ui_resultwindow.h";
			refType = 4;
		};
		845A4B8B1459390FFC220419 = {
			isa = PBXFileReference;
			name = "ui_RunConfig.h";
			path = "ui_RunConfig.h";
			refType = 4;
		};
		B4D4DBFB7A9330A93C5EC229 = {
			isa = PBXFileReference;
			name = "ui_SettingsTab.h";
			path = "ui_SettingsTab.h";
			refType = 4;
		};
		888111D965700659850D58A0 = {
			isa = PBXFileReference;
			name = "ui_Setup.h";
			path = "ui_Setup.h";
			refType = 4;
		};
		D4674648B336192A8670F6E6 = {
			isa = PBXFileReference;
			name = "ui_welcome.h";
			path = "ui_welcome.h";
			refType = 4;
		};
		E137B956D0A40135516E7EFD = {
			isa = PBXFileReference;
			name = "ui_graphdata.h";
			path = "ui_graphdata.h";
			refType = 4;
		};
		755C5DB6DDD2803C5831F8C6 = {
			isa = PBXFileReference;
			name = "ui_meganbrowser.h";
			path = "ui_meganbrowser.h";
			refType = 4;
		};
		447B84F45E951A317B7361AB = {
			isa = PBXFileReference;
			name = "ui_tabledata.h";
			path = "ui_tabledata.h";
			refType = 4;
		};
		DD850C6DD16C683F96112E57 = {
			isa = PBXFileReference;
			name = "ui_ec2grid.h";
			path = "ui_ec2grid.h";
			refType = 4;
		};
		E2C5E20D43FA311FA7DB26D5 = {
			isa = PBXFileReference;
			name = "ui_gridchoice.h";
			path = "ui_gridchoice.h";
			refType = 4;
		};
		F4B02E9B14908AA6CFD3FB7B = {
			isa = PBXFileReference;
			name = "ui_gridsetup.h";
			path = "ui_gridsetup.h";
			refType = 4;
		};
		198187C5BD699956F93F0074 = {
			isa = PBXFileReference;
			name = "ui_nonec2.h";
			path = "ui_nonec2.h";
			refType = 4;
		};
		643460B3AA2D062182B0999F = {
			isa = PBXFileReference;
			name = "ui_displayinfo.h";
			path = "ui_displayinfo.h";
			refType = 4;
		};
		C2F18773EAD5D4A0D9825ED8 = {
			isa = PBXFileReference;
			name = "ui_exportwidget.h";
			path = "ui_exportwidget.h";
			refType = 4;
		};
		196AA01DEB0FE766DC8D12DF = {
			isa = PBXFileReference;
			name = "ui_searchwidget.h";
			path = "ui_searchwidget.h";
			refType = 4;
		};
		C63FA392C61F27B1B13369C1 = {
			isa = PBXFileReference;
			name = "mainwindow.h";
			path = "mainwindow.h";
			refType = 4;
		};
		531E4DD356F2DB0BC88E25EF = {
			isa = PBXFileReference;
			name = "metawidget.h";
			path = "metawidget.h";
			refType = 4;
		};
		F79D75CFB5A18F98EBBC71B1 = {
			isa = PBXFileReference;
			name = "parentsettingsmainwindow.h";
			path = "parentsettingsmainwindow.h";
			refType = 4;
		};
		0D139A9A2AF25B9C2D52CADD = {
			isa = PBXFileReference;
			name = "parentwidget.h";
			path = "parentwidget.h";
			refType = 4;
		};
		E33C640004141C120AEF9015 = {
			isa = PBXFileReference;
			name = "ProgressDialog.h";
			path = "ProgressDialog.h";
			refType = 4;
		};
		7ABB1D0FD1270203D9172B83 = {
			isa = PBXFileReference;
			name = "qcustomplot.h";
			path = "qcustomplot.h";
			refType = 4;
		};
		BEF4DB5935CCF028EE8D8216 = {
			isa = PBXFileReference;
			name = "resultpage.h";
			path = "resultpage.h";
			refType = 4;
		};
		27DA629F9C23D69D399CFC0B = {
			isa = PBXFileReference;
			name = "resultwindow.h";
			path = "resultwindow.h";
			refType = 4;
		};
		7F1ED03702082700E11A32DA = {
			isa = PBXFileReference;
			name = "RunConfig.h";
			path = "RunConfig.h";
			refType = 4;
		};
		68B8ABC773E8FB27D8796A51 = {
			isa = PBXFileReference;
			name = "rundata.h";
			path = "rundata.h";
			refType = 4;
		};
		704D267D4D3B227A55D88292 = {
			isa = PBXFileReference;
			name = "SettingsTab.h";
			path = "SettingsTab.h";
			refType = 4;
		};
		E98D23D1CE932FB50986D57E = {
			isa = PBXFileReference;
			name = "Setup.h";
			path = "Setup.h";
			refType = 4;
		};
		7E0D28C0D7E7DACAD55E50FD = {
			isa = PBXFileReference;
			name = "types.h";
			path = "types.h";
			refType = 4;
		};
		A298783BFE9A4845ECB6423D = {
			isa = PBXFileReference;
			name = "utilities.h";
			path = "utilities.h";
			refType = 4;
		};
		A4C04D397908DDD8DAC6C50D = {
			isa = PBXFileReference;
			name = "welcome.h";
			path = "welcome.h";
			refType = 4;
		};
		F2EC741C32A34F147F575157 = {
			isa = PBXFileReference;
			name = "fileindex.h";
			path = "caching/fileindex.h";
			refType = 4;
		};
		53EDD65191F7E7D06B2DBC1F = {
			isa = PBXFileReference;
			name = "fileindexmanager.h";
			path = "caching/fileindexmanager.h";
			refType = 4;
		};
		7FB9C60826D7CF3DF5E0C4D1 = {
			isa = PBXFileReference;
			name = "tablemanager.h";
			path = "caching/tablemanager.h";
			refType = 4;
		};
		5EA1B4F673EFFD0DAD5903DC = {
			isa = PBXFileReference;
			name = "graphdata.h";
			path = "dataviews/graphdata.h";
			refType = 4;
		};
		1D08B5B2A71C5DCA5C2B19CF = {
			isa = PBXFileReference;
			name = "largetable.h";
			path = "dataviews/largetable.h";
			refType = 4;
		};
		0BD1DDCCE4670E0B0EB77568 = {
			isa = PBXFileReference;
			name = "megandata.h";
			path = "dataviews/megandata.h";
			refType = 4;
		};
		612C549F046E5C93302AAA1F = {
			isa = PBXFileReference;
			name = "meganview.h";
			path = "dataviews/meganview.h";
			refType = 4;
		};
		F6889E0391601CEDD3278BF3 = {
			isa = PBXFileReference;
			name = "tabledata.h";
			path = "dataviews/tabledata.h";
			refType = 4;
		};
		FBC0DE1ABD4850A81E1E9AB5 = {
			isa = PBXFileReference;
			name = "genebrowser.h";
			path = "genebrowser/genebrowser.h";
			refType = 4;
		};
		12D1C1DAE30BEA42AC0F0178 = {
			isa = PBXFileReference;
			name = "genomeview.h";
			path = "genebrowser/genomeview.h";
			refType = 4;
		};
		C78943C257A128B4261501D5 = {
			isa = PBXFileReference;
			name = "graphicsitemscollection.h";
			path = "genebrowser/graphicsitemscollection.h";
			refType = 4;
		};
		49AAE50D14DE23DC840E5EE5 = {
			isa = PBXFileReference;
			name = "graphicsrepresentation.h";
			path = "genebrowser/graphicsrepresentation.h";
			refType = 4;
		};
		728DA2C6233DA1716E65EF93 = {
			isa = PBXFileReference;
			name = "ec2grid.h";
			path = "grid/ec2grid.h";
			refType = 4;
		};
		4FCBD7248CB1C13EEEEC8739 = {
			isa = PBXFileReference;
			name = "grid.h";
			path = "grid/grid.h";
			refType = 4;
		};
		FC40CEC2021BB23B9832840E = {
			isa = PBXFileReference;
			name = "gridchoice.h";
			path = "grid/gridchoice.h";
			refType = 4;
		};
		F70D1F6C20CD4E8EEBCC8630 = {
			isa = PBXFileReference;
			name = "gridsetup.h";
			path = "grid/gridsetup.h";
			refType = 4;
		};
		16FCC53C9FE97404A07FF0AE = {
			isa = PBXFileReference;
			name = "nonec2.h";
			path = "grid/nonec2.h";
			refType = 4;
		};
		E0DD0E773B621622BB2464D0 = {
			isa = PBXFileReference;
			name = "displayinfo.h";
			path = "popupviews/displayinfo.h";
			refType = 4;
		};
		472C710CAC7D36497F8EA8D7 = {
			isa = PBXFileReference;
			name = "exportbox.h";
			path = "popupviews/exportbox.h";
			refType = 4;
		};
		5C0E1D8505C95DC05B4DB0D1 = {
			isa = PBXFileReference;
			name = "exportwidget.h";
			path = "popupviews/exportwidget.h";
			refType = 4;
		};
		C57AC3A2A0C9FE1B8EA29C1F = {
			isa = PBXFileReference;
			name = "popuplistener.h";
			path = "popupviews/popuplistener.h";
			refType = 4;
		};
		EFEC9755E1204CAA8F146B3C = {
			isa = PBXFileReference;
			name = "searchwidget.h";
			path = "popupviews/searchwidget.h";
			refType = 4;
		};
		59C029FF7E51BC222FDCBF05 = {
			isa = PBXFileReference;
			name = "MetaPathways2.pro";
			path = "MetaPathways2.pro";
			refType = 4;
		};
		B88A2B1D5990837B4E2A0B74 = {
			isa = PBXFileReference;
			name = "Resources.qrc";
			path = "Resources.qrc";
			refType = 4;
		};
		A49990F4EF23571DF573D75C = {
			fileRef = "B88A2B1D5990837B4E2A0B74";
			isa = PBXBuildFile;
			settings = {
				ATTRIBUTES = (
					);
			};
		};
		8A09F17F3B1CA4EF4382BEBD = {
			isa = PBXFileReference;
			name = "displayText.ui";
			path = "displayText.ui";
			refType = 4;
		};
		20BDD566D9EDA0F88D332D04 = {
			fileRef = "8A09F17F3B1CA4EF4382BEBD";
			isa = PBXBuildFile;
			settings = {
				ATTRIBUTES = (
					);
			};
		};
		73306C0C57579A793A437931 = {
			isa = PBXFileReference;
			name = "functionaltable.ui";
			path = "functionaltable.ui";
			refType = 4;
		};
		739963E584748AD3D49B6053 = {
			fileRef = "73306C0C57579A793A437931";
			isa = PBXBuildFile;
			settings = {
				ATTRIBUTES = (
					);
			};
		};
		7E0268789B7FBD17B9A4B82E = {
			isa = PBXFileReference;
			name = "graphicsrepresentation.ui";
			path = "graphicsrepresentation.ui";
			refType = 4;
		};
		CEF47AC5F82FDF002D7CE219 = {
			fileRef = "7E0268789B7FBD17B9A4B82E";
			isa = PBXBuildFile;
			settings = {
				ATTRIBUTES = (
					);
			};
		};
		AB241F823D3821A41AAC4BDE = {
			isa = PBXFileReference;
			name = "mainwindow.ui";
			path = "mainwindow.ui";
			refType = 4;
		};
		A5DB83BD78FE4205FDAD3FC5 = {
			fileRef = "AB241F823D3821A41AAC4BDE";
			isa = PBXBuildFile;
			settings = {
				ATTRIBUTES = (
					);
			};
		};
		F6EB306E9A19AC2DBD14DFEA = {
			isa = PBXFileReference;
			name = "parentsettingsmainwindow.ui";
			path = "parentsettingsmainwindow.ui";
			refType = 4;
		};
		0DA364F1AFCEEE5C86373FF1 = {
			fileRef = "F6EB306E9A19AC2DBD14DFEA";
			isa = PBXBuildFile;
			settings = {
				ATTRIBUTES = (
					);
			};
		};
		3752577B0FB78619473949F2 = {
			isa = PBXFileReference;
			name = "parentwidget.ui";
			path = "parentwidget.ui";
			refType = 4;
		};
		7F7943358521AC58B3E3E360 = {
			fileRef = "3752577B0FB78619473949F2";
			isa = PBXBuildFile;
			settings = {
				ATTRIBUTES = (
					);
			};
		};
		5390CA3A68B9E253A66AB013 = {
			isa = PBXFileReference;
			name = "ProgressDialog.ui";
			path = "ProgressDialog.ui";
			refType = 4;
		};
		3CBECF816D4FE134E515E7B2 = {
			fileRef = "5390CA3A68B9E253A66AB013";
			isa = PBXBuildFile;
			settings = {
				ATTRIBUTES = (
					);
			};
		};
		529B60F3C2040F80D007B73A = {
			isa = PBXFileReference;
			name = "RemoteForm.ui";
			path = "RemoteForm.ui";
			refType = 4;
		};
		9D36493CC0D0D11614A9C663 = {
			fileRef = "529B60F3C2040F80D007B73A";
			isa = PBXBuildFile;
			settings = {
				ATTRIBUTES = (
					);
			};
		};
		5CA873AE44F40F17F869B81F = {
			isa = PBXFileReference;
			name = "resultpage.ui";
			path = "resultpage.ui";
			refType = 4;
		};
		6F4FEDD690DEE8AAA76A7BCF = {
			fileRef = "5CA873AE44F40F17F869B81F";
			isa = PBXBuildFile;
			settings = {
				ATTRIBUTES = (
					);
			};
		};
		CDC587CC3F08F6D93992F824 = {
			isa = PBXFileReference;
			name = "resultwindow.ui";
			path = "resultwindow.ui";
			refType = 4;
		};
		8E190C66CAE1F290528859EE = {
			fileRef = "CDC587CC3F08F6D93992F824";
			isa = PBXBuildFile;
			settings = {
				ATTRIBUTES = (
					);
			};
		};
		62C4528CD8C68705420F3691 = {
			isa = PBXFileReference;
			name = "RunConfig.ui";
			path = "RunConfig.ui";
			refType = 4;
		};
		12AC0FAFA325123B1FA668F7 = {
			fileRef = "62C4528CD8C68705420F3691";
			isa = PBXBuildFile;
			settings = {
				ATTRIBUTES = (
					);
			};
		};
		C1682E08A3F630927C98AEC5 = {
			isa = PBXFileReference;
			name = "SettingsTab.ui";
			path = "SettingsTab.ui";
			refType = 4;
		};
		EFFC75CED3D86F8C75C00CA2 = {
			fileRef = "C1682E08A3F630927C98AEC5";
			isa = PBXBuildFile;
			settings = {
				ATTRIBUTES = (
					);
			};
		};
		5970872D4EEE122DE7070324 = {
			isa = PBXFileReference;
			name = "Setup.ui";
			path = "Setup.ui";
			refType = 4;
		};
		8E346A14117AF7A7B65C8142 = {
			fileRef = "5970872D4EEE122DE7070324";
			isa = PBXBuildFile;
			settings = {
				ATTRIBUTES = (
					);
			};
		};
		04072F49FAE1C9EC26A1FED8 = {
			isa = PBXFileReference;
			name = "welcome.ui";
			path = "welcome.ui";
			refType = 4;
		};
		23B4615A0CC9F669F966322E = {
			fileRef = "04072F49FAE1C9EC26A1FED8";
			isa = PBXBuildFile;
			settings = {
				ATTRIBUTES = (
					);
			};
		};
		96FAE21FE5DB28CB5BFF0BA5 = {
			isa = PBXFileReference;
			name = "graphdata.ui";
			path = "dataviews/graphdata.ui";
			refType = 4;
		};
		DE866DB9218CAD9441FC78C7 = {
			fileRef = "96FAE21FE5DB28CB5BFF0BA5";
			isa = PBXBuildFile;
			settings = {
				ATTRIBUTES = (
					);
			};
		};
		5DF1BA48819D7ABEEC8ADA16 = {
			isa = PBXFileReference;
			name = "meganbrowser.ui";
			path = "dataviews/meganbrowser.ui";
			refType = 4;
		};
		97561C5F396C5D7EE66C5D5A = {
			fileRef = "5DF1BA48819D7ABEEC8ADA16";
			isa = PBXBuildFile;
			settings = {
				ATTRIBUTES = (
					);
			};
		};
		0B226BCA7A7F21973C2B083A = {
			isa = PBXFileReference;
			name = "tabledata.ui";
			path = "dataviews/tabledata.ui";
			refType = 4;
		};
		2D76212DF18C4AADC25E14F9 = {
			fileRef = "0B226BCA7A7F21973C2B083A";
			isa = PBXBuildFile;
			settings = {
				ATTRIBUTES = (
					);
			};
		};
		1B48460D20B7C567D6AF6187 = {
			isa = PBXFileReference;
			name = "ec2grid.ui";
			path = "grid/ec2grid.ui";
			refType = 4;
		};
		F33899E8482AD23305492A6F = {
			fileRef = "1B48460D20B7C567D6AF6187";
			isa = PBXBuildFile;
			settings = {
				ATTRIBUTES = (
					);
			};
		};
		8A9C2B78FBB3792975DA41E3 = {
			isa = PBXFileReference;
			name = "gridchoice.ui";
			path = "grid/gridchoice.ui";
			refType = 4;
		};
		F13253538B44637302D3FF61 = {
			fileRef = "8A9C2B78FBB3792975DA41E3";
			isa = PBXBuildFile;
			settings = {
				ATTRIBUTES = (
					);
			};
		};
		73C764E17977EED8B8D7DE8A = {
			isa = PBXFileReference;
			name = "gridsetup.ui";
			path = "grid/gridsetup.ui";
			refType = 4;
		};
		A1AD34F352992A0D17CF243B = {
			fileRef = "73C764E17977EED8B8D7DE8A";
			isa = PBXBuildFile;
			settings = {
				ATTRIBUTES = (
					);
			};
		};
		50AC5F8BAD0FE391624E73CB = {
			isa = PBXFileReference;
			name = "nonec2.ui";
			path = "grid/nonec2.ui";
			refType = 4;
		};
		EE5DFAF5CE00DBD110F2BB90 = {
			fileRef = "50AC5F8BAD0FE391624E73CB";
			isa = PBXBuildFile;
			settings = {
				ATTRIBUTES = (
					);
			};
		};
		34993C0003E2F9B3FEC87835 = {
			isa = PBXFileReference;
			name = "displayinfo.ui";
			path = "popupviews/displayinfo.ui";
			refType = 4;
		};
		64C9D61CC411C8F589A293B2 = {
			fileRef = "34993C0003E2F9B3FEC87835";
			isa = PBXBuildFile;
			settings = {
				ATTRIBUTES = (
					);
			};
		};
		9B643AE69BC3B8E0DAC08046 = {
			isa = PBXFileReference;
			name = "exportwidget.ui";
			path = "popupviews/exportwidget.ui";
			refType = 4;
		};
		7A732EBB4A72C36A93C93487 = {
			fileRef = "9B643AE69BC3B8E0DAC08046";
			isa = PBXBuildFile;
			settings = {
				ATTRIBUTES = (
					);
			};
		};
		D213C40D8942B911E1B42F95 = {
			isa = PBXFileReference;
			name = "searchwidget.ui";
			path = "popupviews/searchwidget.ui";
			refType = 4;
		};
		A6F9CCA25F7705C93196A84A = {
			fileRef = "D213C40D8942B911E1B42F95";
			isa = PBXBuildFile;
			settings = {
				ATTRIBUTES = (
					);
			};
		};
		883D7615C4D2DE3FA1218F12 = {
			isa = PBXGroup;
			children = (
				"C63FA392C61F27B1B13369C1",
				"531E4DD356F2DB0BC88E25EF",
				"F79D75CFB5A18F98EBBC71B1",
				"0D139A9A2AF25B9C2D52CADD",
				"E33C640004141C120AEF9015",
				"7ABB1D0FD1270203D9172B83",
				"BEF4DB5935CCF028EE8D8216",
				"27DA629F9C23D69D399CFC0B",
				"7F1ED03702082700E11A32DA",
				"68B8ABC773E8FB27D8796A51",
				"704D267D4D3B227A55D88292",
				"E98D23D1CE932FB50986D57E",
				"7E0D28C0D7E7DACAD55E50FD",
				"A298783BFE9A4845ECB6423D",
				"A4C04D397908DDD8DAC6C50D",
				"CE6B4EE2B9269D8B20D0F818",
				"437AABEA2B9C5F8DCF160896",
				"3ADB96A8DEA2A1110A47D755",
				"1C3B5E969FC44964766B40BA",
				"79500AE23F8ED07027139E6F");
			name = "Headers";
			refType = 4;
		};
		CE6B4EE2B9269D8B20D0F818 = {
			isa = PBXGroup;
			children = (
				"F2EC741C32A34F147F575157",
				"53EDD65191F7E7D06B2DBC1F",
				"7FB9C60826D7CF3DF5E0C4D1");
			name = "caching";
			refType = 4;
		};
		437AABEA2B9C5F8DCF160896 = {
			isa = PBXGroup;
			children = (
				"5EA1B4F673EFFD0DAD5903DC",
				"1D08B5B2A71C5DCA5C2B19CF",
				"0BD1DDCCE4670E0B0EB77568",
				"612C549F046E5C93302AAA1F",
				"F6889E0391601CEDD3278BF3");
			name = "dataviews";
			refType = 4;
		};
		3ADB96A8DEA2A1110A47D755 = {
			isa = PBXGroup;
			children = (
				"FBC0DE1ABD4850A81E1E9AB5",
				"12D1C1DAE30BEA42AC0F0178",
				"C78943C257A128B4261501D5",
				"49AAE50D14DE23DC840E5EE5");
			name = "genebrowser";
			refType = 4;
		};
		1C3B5E969FC44964766B40BA = {
			isa = PBXGroup;
			children = (
				"728DA2C6233DA1716E65EF93",
				"4FCBD7248CB1C13EEEEC8739",
				"FC40CEC2021BB23B9832840E",
				"F70D1F6C20CD4E8EEBCC8630",
				"16FCC53C9FE97404A07FF0AE");
			name = "grid";
			refType = 4;
		};
		79500AE23F8ED07027139E6F = {
			isa = PBXGroup;
			children = (
				"E0DD0E773B621622BB2464D0",
				"472C710CAC7D36497F8EA8D7",
				"5C0E1D8505C95DC05B4DB0D1",
				"C57AC3A2A0C9FE1B8EA29C1F",
				"EFEC9755E1204CAA8F146B3C");
			name = "popupviews";
			refType = 4;
		};
		A72EBAE92949751E710FB8DC = {
			isa = PBXGroup;
			children = (
				"96FAE21FE5DB28CB5BFF0BA5",
				"5DF1BA48819D7ABEEC8ADA16",
				"0B226BCA7A7F21973C2B083A");
			name = "dataviews";
			refType = 4;
		};
		EFA165F7B6300A26B4293E2B = {
			isa = PBXGroup;
			children = (
				"1B48460D20B7C567D6AF6187",
				"8A9C2B78FBB3792975DA41E3",
				"73C764E17977EED8B8D7DE8A",
				"50AC5F8BAD0FE391624E73CB");
			name = "grid";
			refType = 4;
		};
		53B9E85C4A4010B2598ABA3C = {
			isa = PBXGroup;
			children = (
				"34993C0003E2F9B3FEC87835",
				"9B643AE69BC3B8E0DAC08046",
				"D213C40D8942B911E1B42F95");
			name = "popupviews";
			refType = 4;
		};
		4BBD3A30E64E8EB1A05D695D = {
			isa = PBXGroup;
			children = (
				"0381EAD45EE5FD4C76B0C329",
				"EB32B823B7ACDFEBE55C885F",
				"00A2F7829CE074458F93C596");
			name = "caching";
			refType = 4;
		};
		7EC0C765EC6C575D5873E574 = {
			isa = PBXGroup;
			children = (
				"099D0E8131C89E96D686944B",
				"E05B2C911084F260FFF7235C",
				"C129D0B345F414FB0E678E9D",
				"D62168593E272A1024280207",
				"E01F9A4025C8CBBECFC20802");
			name = "dataviews";
			refType = 4;
		};
		DBCDB4C0FC3C143E7982F1EB = {
			isa = PBXGroup;
			children = (
				"2F64870C55E942400D4EAF2F",
				"30F3563575482BD228C3EBF9",
				"1B4D10F7567AC773861A0AB7",
				"A28A6D72AC968EB0FE341A3D");
			name = "genebrowser";
			refType = 4;
		};
		ACE1951085D23C4F830A5F80 = {
			isa = PBXGroup;
			children = (
				"F62E200E671E9AB712219B67",
				"73399823A6066827D4BC8757",
				"97F1657BB429D3928AF1B6A5",
				"AE1AA4A6901D0394F0E1AADA",
				"D399A88F6D438502B72EA953");
			name = "grid";
			refType = 4;
		};
		048928E20E5032A467900191 = {
			isa = PBXGroup;
			children = (
				"3DB10BBB050B6ED4BCF2B05B",
				"B8607CDDE24513312F37AD7E",
				"E2D561E8F276DF2D12C0380C",
				"DBBCA8560A5E8B148C646D62",
				"541E3734E4E5590E9EC1D857");
			name = "popupviews";
			refType = 4;
		};
		FB61758D0F0FDA4BA867C3D5 = {
			isa = PBXGroup;
			children = (
				"118FCBAABA162BA17933C789",
				"EA177DE95BF7D3EF58EE43F7",
				"77D75F8544A9468B96F4D684",
				"972E78AD2A3DAF36882F180F",
				"B5D907E76BE225A6CCCADE95",
				"3D14F02C4E29D637F0F7360A",
				"753EB6E07DD6EB7ADAB23CB3",
				"7C9A524E1F77DDA536B57751",
				"C0928C88C6B9EE8EE39A6C62",
				"B5691D0613037A83B16885DA",
				"55707D2EEF536ABCCA0AC4D2",
				"9AF8B2AEF4308AAF6F76C636",
				"8D6C406E94BA04D6685044E8",
				"416F1965D3901E683129BE18",
				"092D55F78687D6991071DAD1",
				"4BBD3A30E64E8EB1A05D695D",
				"7EC0C765EC6C575D5873E574",
				"DBCDB4C0FC3C143E7982F1EB",
				"ACE1951085D23C4F830A5F80",
				"048928E20E5032A467900191");
			name = "Sources";
			refType = 4;
		};
		52C235EBF1C9B07808119459 = {
			isa = PBXGroup;
			children = (
				"B88A2B1D5990837B4E2A0B74");
			name = "Sources [RCC]";
			refType = 4;
		};
		EEC299C65D5017EB9DD513B0 = {
			isa = PBXGroup;
			children = (
				"8A09F17F3B1CA4EF4382BEBD",
				"73306C0C57579A793A437931",
				"7E0268789B7FBD17B9A4B82E",
				"AB241F823D3821A41AAC4BDE",
				"F6EB306E9A19AC2DBD14DFEA",
				"3752577B0FB78619473949F2",
				"5390CA3A68B9E253A66AB013",
				"529B60F3C2040F80D007B73A",
				"5CA873AE44F40F17F869B81F",
				"CDC587CC3F08F6D93992F824",
				"62C4528CD8C68705420F3691",
				"C1682E08A3F630927C98AEC5",
				"5970872D4EEE122DE7070324",
				"04072F49FAE1C9EC26A1FED8",
				"A72EBAE92949751E710FB8DC",
				"EFA165F7B6300A26B4293E2B",
				"53B9E85C4A4010B2598ABA3C");
			name = "Sources [UIC]";
			refType = 4;
		};
		7CABE3C80E79AD2B307756D2 = {
			isa = PBXGroup;
			children = (
				"59C029FF7E51BC222FDCBF05");
			name = "Sources [qmake]";
			refType = 4;
		};
		46E892BBB6BB6952967E0561 = {
			isa = PBXGroup;
			children = (
				"336D3C48DD3B44974395C633",
				"7CF14AAD050FC30AC847115A",
				"1232BD1D60413B9E8181F178",
				"1BC6D647EF3F7121D8F66D1E",
				"623BCC3CB9424F2CF404A48D",
				"4C6C76191A26A93AD6B83602",
				"60E1C6955EFC642162E68D41",
				"B994BF73ACBE3D7DB4DF2F5B",
				"5AD7FA346144E19B699809E9",
				"A0C01651DB267DFC51A9AE63",
				"8F8DF6380A84EF9A5AD13CDC",
				"F6EE43E767CB99DB4E481355",
				"EC50AD9407E5986B0DC6D0D1",
				"6803539535CF2937F033F8E3",
				"1B7BF1F91E34191FCC6B446C",
				"BE67CD7657E5D7277E6CCD55",
				"206C4BEBF415480AA9BAFFD7",
				"4C89141595D1AA4C9B8DECB7",
				"394A01AF235674DEA8B5A047",
				"4D8513B170B2D7F4F8B8A13F",
				"E240E2B49AA68B4A7FDE159C",
				"7103577804B1856748115C9D",
				"E80DC0399BF831E5DCBE922F",
				"879A7AD9B8E43B429E35D11A",
				"C62A43D32F9B2651D4AFF2C6",
				"72A4B7662D1C1E2EA0BF8089",
				"3F3F8460CBDD5330D7B8B131",
				"0982D6492C28177A20A77353",
				"FAF469BDD3A5C12A177EB628",
				"AFB98B37FF0012B837A2131C",
				"5AC2C4E01D7CF781E2671A28",
				"DEF0EFE4F5FA174FAAFEFE0D",
				"B9643FD3230F3CEB21B03358",
				"D44222096F1E5D96CD906D68",
				"FAF183E5AB0ED640DC024AA3",
				"3C6ED0CA63E1B0F25B2398DA",
				"845A4B8B1459390FFC220419",
				"B4D4DBFB7A9330A93C5EC229",
				"888111D965700659850D58A0",
				"D4674648B336192A8670F6E6",
				"E137B956D0A40135516E7EFD",
				"755C5DB6DDD2803C5831F8C6",
				"447B84F45E951A317B7361AB",
				"DD850C6DD16C683F96112E57",
				"E2C5E20D43FA311FA7DB26D5",
				"F4B02E9B14908AA6CFD3FB7B",
				"198187C5BD699956F93F0074",
				"643460B3AA2D062182B0999F",
				"C2F18773EAD5D4A0D9825ED8",
				"196AA01DEB0FE766DC8D12DF");
			name = "Temporary Sources";
			refType = 4;
		};
		A0A52A2ADF7A1E2A99738674 = {
			buildActionMask = 2147483647;
			files = (
				);
			generatedFileNames = (
				"2B093CA6F071B023A473CED0",
				"462C0F34BBEF2375A9469BB5",
				"2AF88980BB069BF71AA1A3E7",
				"99A6D8DECCE0E1AE670DA6D5",
				"A6435366D3EC89D0BBFC2D51",
				"F7B52EEB1C411AFB1348428C",
				"60B16D39A71606874F455B57",
				"9A57D8EB4C04F0B41E54799B",
				"247AF9D7EE7ADE4850E27008",
				"9F99555B724FF525FBA88217",
				"125DDAF54B096CF1A954AEF8",
				"1170A74D3B33432CBBC2AC01",
				"C4150E4DD187E0FC2FC75EC2",
				"9D7172D9E9946DB55F01E4E7",
				"511CCDEFEF4F5B9FDEE71733",
				"62DCC25642B82D476A4AE7E3",
				"4C791BB4FF269645AF4049A1",
				"126D4FF04E53265D85E5FA9A",
				"AE14DF0C2E1397A4FCD4D4D0",
				"140AD5B34D7408371FDDFD6A",
				"C9F82B840358FB957E80E530",
				"9E7263BD6470C58A94A6A358",
				"E5D91998B2AF8C1C6F3AA946",
				"B6ADC7AA38F3386990D4A2F7",
				"B734EF58EF1FDB200D1C5A65",
				"884FAF343F0CDF066308D194",
				"087066D79AD4CEE1C41C61EA",
				"6F21921F7242772C311D04D5",
				"0464930B4B6261D577B1780F",
				"45FB6B57A587B8DB2B692002",
				"8730B68EEF79287602BD487C",
				"697698DCB583A43566997ED4",
				"74A7AE6A90E6EC8E4D1ACB68",
				"82812CA118413A0CDD469143",
				"EE60F46361FBF5518E93FC7D",
				"A9E961243258EE58DE8D4546",
				"29B7F63AE7F8BF4537B23CA4",
				"26C2BED6C570C95F5243C556",
				"6B3B547775F8E604847DEE46",
				"DEDAE1D8CF5435DDB5C6D957",
				"AAA004168974D5380276568D",
				"C755ABF6805C9DAACA47017B",
				"6A05C44DEE5AE1BA901A70D5",
				"B9045CB046158AE1EBFFA921",
				"C2C0852515856901F1993E61",
				"C69C8922FEB2EB209AE12635",
				"56F5C0939E5F757B508A47C2",
				"5A6A2785384485E71204BEA4",
				"835026A6F960584CC80C2B81",
				"F55D659FBF4A2366171AB376",
				"404C9DE6793BF95ED8193330",
				"B5CB30B7160147219A67C72E",
				"2003C35613F05BC5A559F95F",
				"2B68C1C55E78409443CA027E",
				"7EE7AC81392ED103968A21FD",
				"92C0C8BE8204AF45DD0C6676",
				"2635D57513F2E65F05C9E9AE",
				"2D09C119A41A77B09A3930F7",
				"155E00665180F7F40C597D60",
				"BB8105F09E636E99FF4C1D5B",
				"6224CB67D8150452018C4513",
				"F6901C924A28BA5B7CD4970C",
				"E1F725B01DCF4BA812168A25");
			isa = PBXShellScriptBuildPhase;
			name = "Qt Preprocessors";
			neededFileNames = (
				"2B093CA6F071B023A473CED0",
				"462C0F34BBEF2375A9469BB5",
				"2AF88980BB069BF71AA1A3E7",
				"99A6D8DECCE0E1AE670DA6D5",
				"A6435366D3EC89D0BBFC2D51",
				"F7B52EEB1C411AFB1348428C",
				"60B16D39A71606874F455B57",
				"9A57D8EB4C04F0B41E54799B",
				"247AF9D7EE7ADE4850E27008",
				"9F99555B724FF525FBA88217",
				"125DDAF54B096CF1A954AEF8",
				"1170A74D3B33432CBBC2AC01",
				"C4150E4DD187E0FC2FC75EC2",
				"9D7172D9E9946DB55F01E4E7",
				"511CCDEFEF4F5B9FDEE71733",
				"62DCC25642B82D476A4AE7E3",
				"4C791BB4FF269645AF4049A1",
				"126D4FF04E53265D85E5FA9A",
				"AE14DF0C2E1397A4FCD4D4D0",
				"140AD5B34D7408371FDDFD6A",
				"C9F82B840358FB957E80E530",
				"9E7263BD6470C58A94A6A358",
				"E5D91998B2AF8C1C6F3AA946",
				"B6ADC7AA38F3386990D4A2F7",
				"B734EF58EF1FDB200D1C5A65",
				"884FAF343F0CDF066308D194",
				"087066D79AD4CEE1C41C61EA",
				"6F21921F7242772C311D04D5",
				"0464930B4B6261D577B1780F",
				"45FB6B57A587B8DB2B692002",
				"8730B68EEF79287602BD487C",
				"697698DCB583A43566997ED4",
				"74A7AE6A90E6EC8E4D1ACB68",
				"82812CA118413A0CDD469143",
				"EE60F46361FBF5518E93FC7D",
				"A9E961243258EE58DE8D4546",
				"29B7F63AE7F8BF4537B23CA4",
				"26C2BED6C570C95F5243C556",
				"6B3B547775F8E604847DEE46",
				"DEDAE1D8CF5435DDB5C6D957",
				"AAA004168974D5380276568D",
				"C755ABF6805C9DAACA47017B",
				"6A05C44DEE5AE1BA901A70D5",
				"B9045CB046158AE1EBFFA921",
				"C2C0852515856901F1993E61",
				"C69C8922FEB2EB209AE12635",
				"56F5C0939E5F757B508A47C2",
				"5A6A2785384485E71204BEA4",
				"835026A6F960584CC80C2B81",
				"F55D659FBF4A2366171AB376",
				"404C9DE6793BF95ED8193330",
				"B5CB30B7160147219A67C72E",
				"2003C35613F05BC5A559F95F",
				"2B68C1C55E78409443CA027E",
				"7EE7AC81392ED103968A21FD",
				"92C0C8BE8204AF45DD0C6676",
				"2635D57513F2E65F05C9E9AE",
				"2D09C119A41A77B09A3930F7",
				"155E00665180F7F40C597D60",
				"BB8105F09E636E99FF4C1D5B",
				"6224CB67D8150452018C4513",
				"F6901C924A28BA5B7CD4970C",
				"E1F725B01DCF4BA812168A25");
			shellPath = "/bin/sh";
			shellScript = "make\ -C\ /Users/kishori/PROJECTS/MetaPathways2\ -f\ \'MetaPathways2.xcodeproj/qt_preprocess.mak\'";
		};
		C29B8785722055ED95EF7B57 = {
			buildActionMask = 2147483647;
			files = (
				"2B093CA6F071B023A473CED0",
				"462C0F34BBEF2375A9469BB5",
				"2AF88980BB069BF71AA1A3E7",
				"99A6D8DECCE0E1AE670DA6D5",
				"A6435366D3EC89D0BBFC2D51",
				"F7B52EEB1C411AFB1348428C",
				"60B16D39A71606874F455B57",
				"9A57D8EB4C04F0B41E54799B",
				"247AF9D7EE7ADE4850E27008",
				"9F99555B724FF525FBA88217",
				"125DDAF54B096CF1A954AEF8",
				"1170A74D3B33432CBBC2AC01",
				"C4150E4DD187E0FC2FC75EC2",
				"9D7172D9E9946DB55F01E4E7",
				"511CCDEFEF4F5B9FDEE71733",
				"62DCC25642B82D476A4AE7E3",
				"4C791BB4FF269645AF4049A1",
				"126D4FF04E53265D85E5FA9A",
				"AE14DF0C2E1397A4FCD4D4D0",
				"140AD5B34D7408371FDDFD6A",
				"C9F82B840358FB957E80E530",
				"9E7263BD6470C58A94A6A358",
				"E5D91998B2AF8C1C6F3AA946",
				"B6ADC7AA38F3386990D4A2F7",
				"B734EF58EF1FDB200D1C5A65",
				"884FAF343F0CDF066308D194",
				"087066D79AD4CEE1C41C61EA",
				"6F21921F7242772C311D04D5",
				"0464930B4B6261D577B1780F",
				"45FB6B57A587B8DB2B692002",
				"8730B68EEF79287602BD487C",
				"697698DCB583A43566997ED4",
				"74A7AE6A90E6EC8E4D1ACB68",
				"82812CA118413A0CDD469143",
				"EE60F46361FBF5518E93FC7D",
				"A9E961243258EE58DE8D4546",
				"29B7F63AE7F8BF4537B23CA4",
				"26C2BED6C570C95F5243C556",
				"6B3B547775F8E604847DEE46",
				"DEDAE1D8CF5435DDB5C6D957",
				"AAA004168974D5380276568D",
				"C755ABF6805C9DAACA47017B",
				"6A05C44DEE5AE1BA901A70D5",
				"B9045CB046158AE1EBFFA921",
				"C2C0852515856901F1993E61",
				"C69C8922FEB2EB209AE12635",
				"56F5C0939E5F757B508A47C2",
				"5A6A2785384485E71204BEA4",
				"835026A6F960584CC80C2B81",
				"F55D659FBF4A2366171AB376",
				"404C9DE6793BF95ED8193330",
				"B5CB30B7160147219A67C72E",
				"2003C35613F05BC5A559F95F",
				"2B68C1C55E78409443CA027E",
				"7EE7AC81392ED103968A21FD",
				"92C0C8BE8204AF45DD0C6676",
				"2635D57513F2E65F05C9E9AE",
				"2D09C119A41A77B09A3930F7",
				"155E00665180F7F40C597D60",
				"BB8105F09E636E99FF4C1D5B",
				"6224CB67D8150452018C4513",
				"F6901C924A28BA5B7CD4970C",
				"E1F725B01DCF4BA812168A25");
			isa = PBXSourcesBuildPhase;
			name = "Build Sources";
		};
		9B36DA7E32F0304E780E7972 = {
			isa = PBXFrameworkReference;
			name = "QtGui.framework";
			path = "/Library/Frameworks/QtGui.framework";
			refType = 0;
		};
		501667F26B3C1FF6767A7C12 = {
			fileRef = "9B36DA7E32F0304E780E7972";
			isa = PBXBuildFile;
			settings = {
			};
		};
		7BC2E65A5E699A5E5D834CA2 = {
			isa = PBXFrameworkReference;
			name = "QtCore.framework";
			path = "/Library/Frameworks/QtCore.framework";
			refType = 0;
		};
		069D05B0128AE5DC7EE31738 = {
			fileRef = "7BC2E65A5E699A5E5D834CA2";
			isa = PBXBuildFile;
			settings = {
			};
		};
		ED1E82605DD74B483AF3C982 = {
			children = (
				"9B36DA7E32F0304E780E7972",
				"7BC2E65A5E699A5E5D834CA2");
			isa = PBXGroup;
			name = "External Frameworks and Libraries";
			path = "";
			refType = 4;
		};
		2A1043669E6E5A7426EA502A = {
			buildActionMask = 2147483647;
			files = (
				"501667F26B3C1FF6767A7C12",
				"069D05B0128AE5DC7EE31738");
			isa = PBXFrameworksBuildPhase;
			name = "Frameworks & Libraries";
		};
		3787F99312C85FF0073FD7BA = {
			buildActionMask = 2147483647;
			files = (
			);
			isa = PBXResourcesBuildPhase;
			name = "Bundle Resources";
		};
		05596AB53D8D521C69802C27 = {
			children = (
				"FB61758D0F0FDA4BA867C3D5",
				"46E892BBB6BB6952967E0561",
				"883D7615C4D2DE3FA1218F12",
				"7CABE3C80E79AD2B307756D2",
				"52C235EBF1C9B07808119459",
				"EEC299C65D5017EB9DD513B0",
				"ED1E82605DD74B483AF3C982");
			isa = PBXGroup;
			name = "MetaPathways2";
			path = "";
			refType = 4;
		};
		886887F53A142960530810D2 = {
			isa = PBXFileReference;
			explicitFileType = "wrapper.application";
			path = "MetaPathways2.app";
			refType = 3;
			sourceTree = BUILT_PRODUCTS_DIR;
		};
		068F80C7519D0528FB08E821 = {
			children = (
				"886887F53A142960530810D2");
			isa = PBXGroup;
			name = "Products";
			refType = 4;
		};
		DEA4EFC5C8AFB53E72EF6BFC = {
			buildPhases = (
				"D7BA7D76DAB5DD13389D6332",
				"A0A52A2ADF7A1E2A99738674",
				"C29B8785722055ED95EF7B57",
				"2A1043669E6E5A7426EA502A",
				"3787F99312C85FF0073FD7BA");
			buildSettings = {
				CC = "/usr/bin/gcc";
				CPLUSPLUS = "/usr/bin/g++";
				LEXFLAGS = "";
				YACCFLAGS = "-d";
				OTHER_REZFLAGS = "";
				SECTORDER_FLAGS = "";
				WARNING_CFLAGS = "";
				PREBINDING = NO;
				INFOPLIST_FILE = "Info.plist";
				BUILD_ROOT = "/Users/kishori/PROJECTS/MetaPathways2";
				OTHER_LDFLAGS = (
						"-headerpad_max_install_names",
						"-L/Library/Frameworks",
						"-F/Library/Frameworks");
				DYLIB_CURRENT_VERSION = "1.0.0";
				DYLIB_COMPATIBILITY_VERSION = "1.0";
				MACOSX_DEPLOYMENT_TARGET = "10.4";
				PRODUCT_NAME = "MetaPathways2";
			};
			conditionalBuildSettings = {
			};
			dependencies = (
				);
			productReference = "886887F53A142960530810D2";
			shouldUseHeadermap = 1;
			buildConfigurationList = 17B3380A4D6A7D415E7F2E1E;
			isa = PBXNativeTarget;
			productType = "com.apple.product-type.application";
			productSettingsXML = "<?xml version=\"1.0\" encoding=\"UTF-8\"?>
<!DOCTYPE plist SYSTEM \"file://localhost/System/Library/DTDs/PropertyList.dtd\">
<plist version=\"0.9\">
<dict>
	<key>CFBundleIconFile</key>
	<string></string>
	<key>CFBundlePackageType</key>
	<string>APPL</string>
 	<key>CFBundleGetInfoString</key>
	<string>Created by Qt/QMake</string>
	<key>CFBundleSignature</key>
	<string>????</string>
	<key>CFBundleExecutable</key>
	<string>MetaPathways2</string>
	<key>CFBundleIdentifier</key>
	<string>com.yourcompany.MetaPathways2</string>
	<key>NOTE</key>
	<string>This file was generated by Qt/QMake.</string>
</dict>
</plist>
";
			name = "MetaPathways2";
			productName = "MetaPathways2";
			startupPath = "<<ProjectDirectory>>";
		};
		4B72B24813252891014BCF61 = {
			isa = XCBuildConfiguration;
			buildSettings = {
				COPY_PHASE_STRIP = "NO";
				GCC_GENERATE_DEBUGGING_SYMBOLS = "YES";
				GCC_OPTIMIZATION_LEVEL = "0";
				PRODUCT_NAME = "MetaPathways2";
				HEADER_SEARCH_PATHS = (
					"/Library/Frameworks/QtCore.framework/Versions/4/Headers",
					"/usr/include/QtCore",
					"/Library/Frameworks/QtGui.framework/Versions/4/Headers",
					"/usr/include/QtGui",
					"/usr/include",
					".",
					"grid",
					"popupviews",
					"caching",
					"dataviews",
					"genebrowser",
					".",
					".",
					"/usr/local/include",
					"/System/Library/Frameworks/CarbonCore.framework/Headers",
					"/usr/local/Qt4.8/mkspecs/macx-xcode");
				LIBRARY_SEARCH_PATHS = (
					"/Library/Frameworks");
				FRAMEWORK_SEARCH_PATHS = (
					"/Library/Frameworks",
					"/Library/Frameworks");
				INFOPLIST_FILE = "Info.plist";
				OTHER_CFLAGS = (
					"-pipe",
					"-g",
					"-Wall",
					"-W",
					"-DQT_GUI_LIB",
					"-DQT_CORE_LIB",
					"-DQT_SHARED");
				OTHER_CPLUSPLUSFLAGS = (
					"-pipe",
					"-g",
					"-Wall",
					"-W",
					"-DQT_GUI_LIB",
					"-DQT_CORE_LIB",
					"-DQT_SHARED");
				OTHER_LDFLAGS = (
						"-headerpad_max_install_names",
						"-L/Library/Frameworks",
						"-F/Library/Frameworks");
				ARCHS = "x86_64";
			};
			name = "Debug";
		};
		BEC09A62E69C3553534FF35E = {
			isa = XCBuildConfiguration;
			buildSettings = {
				COPY_PHASE_STRIP = "NO";
				GCC_GENERATE_DEBUGGING_SYMBOLS = "YES";
				GCC_OPTIMIZATION_LEVEL = "0";
				PRODUCT_NAME = "MetaPathways2";
				PRODUCT_NAME = "MetaPathways2";
			};
			name = "Debug";
		};
		2C641C3335766025DD51B7BD = {
			buildRules = (
				);
			buildSettings = {
				COPY_PHASE_STRIP = "NO";
				GCC_GENERATE_DEBUGGING_SYMBOLS = "YES";
				GCC_OPTIMIZATION_LEVEL = "0";
				PRODUCT_NAME = "MetaPathways2";
			};
			isa = "PBXBuildStyle";
			name = "Debug";
		};
		D70590BEB531B51029F711BB = {
			isa = XCBuildConfiguration;
			buildSettings = {
				COPY_PHASE_STRIP = "YES";
				GCC_GENERATE_DEBUGGING_SYMBOLS = "NO";
				PRODUCT_NAME = "MetaPathways2";
				HEADER_SEARCH_PATHS = (
					"/Library/Frameworks/QtCore.framework/Versions/4/Headers",
					"/usr/include/QtCore",
					"/Library/Frameworks/QtGui.framework/Versions/4/Headers",
					"/usr/include/QtGui",
					"/usr/include",
					".",
					"grid",
					"popupviews",
					"caching",
					"dataviews",
					"genebrowser",
					".",
					".",
					"/usr/local/include",
					"/System/Library/Frameworks/CarbonCore.framework/Headers",
					"/usr/local/Qt4.8/mkspecs/macx-xcode");
				LIBRARY_SEARCH_PATHS = (
					"/Library/Frameworks");
				FRAMEWORK_SEARCH_PATHS = (
					"/Library/Frameworks",
					"/Library/Frameworks");
				INFOPLIST_FILE = "Info.plist";
				OTHER_CFLAGS = (
					"-pipe",
					"-g",
					"-Wall",
					"-W",
					"-DQT_GUI_LIB",
					"-DQT_CORE_LIB",
					"-DQT_SHARED");
				OTHER_CPLUSPLUSFLAGS = (
					"-pipe",
					"-g",
					"-Wall",
					"-W",
					"-DQT_GUI_LIB",
					"-DQT_CORE_LIB",
					"-DQT_SHARED");
				OTHER_LDFLAGS = (
						"-headerpad_max_install_names",
						"-L/Library/Frameworks",
						"-F/Library/Frameworks");
				ARCHS = "x86_64";
			};
			name = "Release";
		};
		8C7174830A1E4DCBA0332EC1 = {
			isa = XCBuildConfiguration;
			buildSettings = {
				COPY_PHASE_STRIP = "YES";
				GCC_GENERATE_DEBUGGING_SYMBOLS = "NO";
				PRODUCT_NAME = "MetaPathways2";
				PRODUCT_NAME = "MetaPathways2";
			};
			name = "Release";
		};
		26DE8D2AEA4B3714B41E931F = {
			buildRules = (
				);
			buildSettings = {
				COPY_PHASE_STRIP = "YES";
				GCC_GENERATE_DEBUGGING_SYMBOLS = "NO";
				PRODUCT_NAME = "MetaPathways2";
			};
			isa = "PBXBuildStyle";
			name = "Release";
		};
		CC82A9286117DFED018F418F = {
			isa = XCConfigurationList;
			buildConfigurations = (
				"4B72B24813252891014BCF61",
				"D70590BEB531B51029F711BB");
			defaultConfigurationIsVisible = 0;
			defaultConfigurationIsName = "Debug";
		};
		17B3380A4D6A7D415E7F2E1E = {
			isa = XCConfigurationList;
			buildConfigurations = (
				"BEC09A62E69C3553534FF35E",
				"8C7174830A1E4DCBA0332EC1");
			defaultConfigurationIsVisible = 0;
			defaultConfigurationIsName = "Debug";
		};
		91B15E841AA80083484172DE = {
			buildStyles = (
				"2C641C3335766025DD51B7BD",
				"26DE8D2AEA4B3714B41E931F");
			hasScannedForEncodings = 1;
			isa = PBXProject;
			mainGroup = "05596AB53D8D521C69802C27";
			buildConfigurationList = "CC82A9286117DFED018F418F";
			projectDirPath = "";
			targets = (
				"DEA4EFC5C8AFB53E72EF6BFC");
		};
	};
	rootObject = "91B15E841AA80083484172DE";
}
